
Microsoft Visual Studio Solution File, Format Version 12.00
# Visual Studio Version 16
VisualStudioVersion = 16.0.31019.35
MinimumVisualStudioVersion = 10.0.40219.1
Project("{FAE04EC0-301F-11D3-BF4B-00C04F79EFBC}") = "TestCiCd", "TestCiCd\TestCiCd.csproj", "{24D36E4F-8772-4071-948F-6CD93644C03B}"
EndProject
Global
	GlobalSection(SolutionConfigurationPlatforms) = preSolution
		Debug|Any CPU = Debug|Any CPU
		Release|Any CPU = Release|Any CPU
	EndGlobalSection
	GlobalSection(ProjectConfigurationPlatforms) = postSolution
		{24D36E4F-8772-4071-948F-6CD93644C03B}.Debug|Any CPU.ActiveCfg = Debug|Any CPU
		{24D36E4F-8772-4071-948F-6CD93644C03B}.Debug|Any CPU.Build.0 = Debug|Any CPU
		{24D36E4F-8772-4071-948F-6CD93644C03B}.Release|Any CPU.ActiveCfg = Release|Any CPU
		{24D36E4F-8772-4071-948F-6CD93644C03B}.Release|Any CPU.Build.0 = Release|Any CPU
	EndGlobalSection
	GlobalSection(SolutionProperties) = preSolution
		HideSolutionNode = FALSE
	EndGlobalSection
	GlobalSection(ExtensibilityGlobals) = postSolution
		SolutionGuid = {AD74D59F-FBF9-4ABF-BA4F-6B1994C3FEB7}
	EndGlobalSection
EndGlobal
